
Microsoft Visual Studio Solution File, Format Version 12.00
# Visual Studio Version 16
VisualStudioVersion = 16.0.31112.23
MinimumVisualStudioVersion = 10.0.40219.1
Project("{FAE04EC0-301F-11D3-BF4B-00C04F79EFBC}") = "CodeFirstConsoleApplication", "CodeFirstConsoleApplication\CodeFirstConsoleApplication.csproj", "{7C234BAE-4F10-476A-BBF0-C9DD6572EEC3}"
EndProject
Project("{FAE04EC0-301F-11D3-BF4B-00C04F79EFBC}") = "CodeFirstAspNetWebApplication", "CodeFirstAspNetWebApplication\CodeFirstAspNetWebApplication.csproj", "{9116A1F4-A9DE-4F65-BE0C-608A579B5634}"
EndProject
Project("{FAE04EC0-301F-11D3-BF4B-00C04F79EFBC}") = "EF", "EF\EF.csproj", "{7A1E3D1F-3DE1-44C6-A3BB-721F1F88A33E}"
EndProject
Project("{FAE04EC0-301F-11D3-BF4B-00C04F79EFBC}") = "EFWinFormsApplication", "EFWinFormsApplication\EFWinFormsApplication.csproj", "{D37A417A-A74C-4623-9847-448035926E97}"
EndProject
Global
	GlobalSection(SolutionConfigurationPlatforms) = preSolution
		Debug|Any CPU = Debug|Any CPU
		Release|Any CPU = Release|Any CPU
	EndGlobalSection
	GlobalSection(ProjectConfigurationPlatforms) = postSolution
		{7C234BAE-4F10-476A-BBF0-C9DD6572EEC3}.Debug|Any CPU.ActiveCfg = Debug|Any CPU
		{7C234BAE-4F10-476A-BBF0-C9DD6572EEC3}.Debug|Any CPU.Build.0 = Debug|Any CPU
		{7C234BAE-4F10-476A-BBF0-C9DD6572EEC3}.Release|Any CPU.ActiveCfg = Release|Any CPU
		{7C234BAE-4F10-476A-BBF0-C9DD6572EEC3}.Release|Any CPU.Build.0 = Release|Any CPU
		{9116A1F4-A9DE-4F65-BE0C-608A579B5634}.Debug|Any CPU.ActiveCfg = Debug|Any CPU
		{9116A1F4-A9DE-4F65-BE0C-608A579B5634}.Debug|Any CPU.Build.0 = Debug|Any CPU
		{9116A1F4-A9DE-4F65-BE0C-608A579B5634}.Release|Any CPU.ActiveCfg = Release|Any CPU
		{9116A1F4-A9DE-4F65-BE0C-608A579B5634}.Release|Any CPU.Build.0 = Release|Any CPU
		{7A1E3D1F-3DE1-44C6-A3BB-721F1F88A33E}.Debug|Any CPU.ActiveCfg = Debug|Any CPU
		{7A1E3D1F-3DE1-44C6-A3BB-721F1F88A33E}.Debug|Any CPU.Build.0 = Debug|Any CPU
		{7A1E3D1F-3DE1-44C6-A3BB-721F1F88A33E}.Release|Any CPU.ActiveCfg = Release|Any CPU
		{7A1E3D1F-3DE1-44C6-A3BB-721F1F88A33E}.Release|Any CPU.Build.0 = Release|Any CPU
		{D37A417A-A74C-4623-9847-448035926E97}.Debug|Any CPU.ActiveCfg = Debug|Any CPU
		{D37A417A-A74C-4623-9847-448035926E97}.Debug|Any CPU.Build.0 = Debug|Any CPU
		{D37A417A-A74C-4623-9847-448035926E97}.Release|Any CPU.ActiveCfg = Release|Any CPU
		{D37A417A-A74C-4623-9847-448035926E97}.Release|Any CPU.Build.0 = Release|Any CPU
	EndGlobalSection
	GlobalSection(SolutionProperties) = preSolution
		HideSolutionNode = FALSE
	EndGlobalSection
	GlobalSection(ExtensibilityGlobals) = postSolution
		SolutionGuid = {62293D38-3A92-46B8-BF55-96AF3AD34646}
	EndGlobalSection
EndGlobal
